
Microsoft Visual Studio Solution File, Format Version 12.00
# Visual Studio 14
VisualStudioVersion = 14.0.25123.0
MinimumVisualStudioVersion = 10.0.40219.1
Project("{FAE04EC0-301F-11D3-BF4B-00C04F79EFBC}") = "Model", "Model\Model.csproj", "{4FC05933-50AE-485D-812E-13CC2FBF54DA}"
EndProject
Global
	GlobalSection(SolutionConfigurationPlatforms) = preSolution
		Debug|Any CPU = Debug|Any CPU
		Release|Any CPU = Release|Any CPU
	EndGlobalSection
	GlobalSection(ProjectConfigurationPlatforms) = postSolution
		{4FC05933-50AE-485D-812E-13CC2FBF54DA}.Debug|Any CPU.ActiveCfg = Debug|Any CPU
		{4FC05933-50AE-485D-812E-13CC2FBF54DA}.Debug|Any CPU.Build.0 = Debug|Any CPU
		{4FC05933-50AE-485D-812E-13CC2FBF54DA}.Release|Any CPU.ActiveCfg = Release|Any CPU
		{4FC05933-50AE-485D-812E-13CC2FBF54DA}.Release|Any CPU.Build.0 = Release|Any CPU
	EndGlobalSection
	GlobalSection(SolutionProperties) = preSolution
		HideSolutionNode = FALSE
	EndGlobalSection
EndGlobal
